
Microsoft Visual Studio Solution File, Format Version 12.00
# Visual Studio Version 17
VisualStudioVersion = 17.6.33717.318
MinimumVisualStudioVersion = 10.0.40219.1
Project("{9A19103F-16F7-4668-BE54-9A1E7A4F7556}") = "HarmonyAssistant", "HarmonyAssistant\HarmonyAssistant.csproj", "{46A12C4B-32EA-41CB-A71D-12A4370C4F85}"
EndProject
Project("{FAE04EC0-301F-11D3-BF4B-00C04F79EFBC}") = "FuzzyString", "FuzzyString\FuzzyString.csproj", "{13C4C531-C466-4587-B62E-1A88E35CA8F6}"
EndProject
Global
	GlobalSection(SolutionConfigurationPlatforms) = preSolution
		Debug|Any CPU = Debug|Any CPU
		Release|Any CPU = Release|Any CPU
	EndGlobalSection
	GlobalSection(ProjectConfigurationPlatforms) = postSolution
		{46A12C4B-32EA-41CB-A71D-12A4370C4F85}.Debug|Any CPU.ActiveCfg = Debug|Any CPU
		{46A12C4B-32EA-41CB-A71D-12A4370C4F85}.Debug|Any CPU.Build.0 = Debug|Any CPU
		{46A12C4B-32EA-41CB-A71D-12A4370C4F85}.Release|Any CPU.ActiveCfg = Release|Any CPU
		{46A12C4B-32EA-41CB-A71D-12A4370C4F85}.Release|Any CPU.Build.0 = Release|Any CPU
		{13C4C531-C466-4587-B62E-1A88E35CA8F6}.Debug|Any CPU.ActiveCfg = Debug|Any CPU
		{13C4C531-C466-4587-B62E-1A88E35CA8F6}.Debug|Any CPU.Build.0 = Debug|Any CPU
		{13C4C531-C466-4587-B62E-1A88E35CA8F6}.Release|Any CPU.ActiveCfg = Release|Any CPU
		{13C4C531-C466-4587-B62E-1A88E35CA8F6}.Release|Any CPU.Build.0 = Release|Any CPU
	EndGlobalSection
	GlobalSection(SolutionProperties) = preSolution
		HideSolutionNode = FALSE
	EndGlobalSection
	GlobalSection(ExtensibilityGlobals) = postSolution
		SolutionGuid = {F251C69F-67DB-4564-A83B-36FE5A135345}
	EndGlobalSection
EndGlobal
